
Microsoft Visual Studio Solution File, Format Version 12.00
# Visual Studio Version 17
VisualStudioVersion = 17.11.35312.102
MinimumVisualStudioVersion = 10.0.40219.1
Project("{FAE04EC0-301F-11D3-BF4B-00C04F79EFBC}") = "MovieWebAppApi", "MovieWebAppApi\MovieWebAppApi.csproj", "{23DB3718-EED6-49E7-81D7-A421650D6C01}"
EndProject
Global
	GlobalSection(SolutionConfigurationPlatforms) = preSolution
		Debug|Any CPU = Debug|Any CPU
		Release|Any CPU = Release|Any CPU
	EndGlobalSection
	GlobalSection(ProjectConfigurationPlatforms) = postSolution
		{23DB3718-EED6-49E7-81D7-A421650D6C01}.Debug|Any CPU.ActiveCfg = Debug|Any CPU
		{23DB3718-EED6-49E7-81D7-A421650D6C01}.Debug|Any CPU.Build.0 = Debug|Any CPU
		{23DB3718-EED6-49E7-81D7-A421650D6C01}.Release|Any CPU.ActiveCfg = Release|Any CPU
		{23DB3718-EED6-49E7-81D7-A421650D6C01}.Release|Any CPU.Build.0 = Release|Any CPU
	EndGlobalSection
	GlobalSection(SolutionProperties) = preSolution
		HideSolutionNode = FALSE
	EndGlobalSection
	GlobalSection(ExtensibilityGlobals) = postSolution
		SolutionGuid = {3A8E2141-1DBC-44B9-A366-78A93B6787E1}
	EndGlobalSection
EndGlobal
